// !$*UTF8*$!
{
	archiveVersion = 1;
	classes = {
	};
	objectVersion = 50;
	objects = {

/* Begin PBXBuildFile section */
		11317F9A225C6AAB00FEE0D3 /* AppDelegate.swift in Sources */ = {isa = PBXBuildFile; fileRef = 11317F99225C6AAB00FEE0D3 /* AppDelegate.swift */; };
		11317FA1225C6AAD00FEE0D3 /* Assets.xcassets in Resources */ = {isa = PBXBuildFile; fileRef = 11317FA0225C6AAD00FEE0D3 /* Assets.xcassets */; };
		11317FB8225C6B2100FEE0D3 /* Memoization.swift in Sources */ = {isa = PBXBuildFile; fileRef = 11317FAB225C6B2100FEE0D3 /* Memoization.swift */; };
		11317FB9225C6B2100FEE0D3 /* BinaryTree.swift in Sources */ = {isa = PBXBuildFile; fileRef = 11317FAC225C6B2100FEE0D3 /* BinaryTree.swift */; };
		11317FBA225C6B2100FEE0D3 /* BFS.swift in Sources */ = {isa = PBXBuildFile; fileRef = 11317FAD225C6B2100FEE0D3 /* BFS.swift */; };
		11317FBB225C6B2100FEE0D3 /* Tries.swift in Sources */ = {isa = PBXBuildFile; fileRef = 11317FAE225C6B2100FEE0D3 /* Tries.swift */; };
		11317FBC225C6B2100FEE0D3 /* BinarySearch.swift in Sources */ = {isa = PBXBuildFile; fileRef = 11317FAF225C6B2100FEE0D3 /* BinarySearch.swift */; };
		11317FBD225C6B2100FEE0D3 /* DFS.swift in Sources */ = {isa = PBXBuildFile; fileRef = 11317FB0225C6B2100FEE0D3 /* DFS.swift */; };
		11317FBE225C6B2100FEE0D3 /* KthGrammar.swift in Sources */ = {isa = PBXBuildFile; fileRef = 11317FB1225C6B2100FEE0D3 /* KthGrammar.swift */; };
		11317FBF225C6B2100FEE0D3 /* Stack.swift in Sources */ = {isa = PBXBuildFile; fileRef = 11317FB2225C6B2100FEE0D3 /* Stack.swift */; };
		11317FC0225C6B2100FEE0D3 /* SinglyLinkedList.swift in Sources */ = {isa = PBXBuildFile; fileRef = 11317FB3225C6B2100FEE0D3 /* SinglyLinkedList.swift */; };
		11317FC1225C6B2100FEE0D3 /* Coordinate.swift in Sources */ = {isa = PBXBuildFile; fileRef = 11317FB4225C6B2100FEE0D3 /* Coordinate.swift */; };
		11317FC2225C6B2100FEE0D3 /* PascalsTriangle.swift in Sources */ = {isa = PBXBuildFile; fileRef = 11317FB5225C6B2100FEE0D3 /* PascalsTriangle.swift */; };
		11317FC3225C6B2100FEE0D3 /* ReverseArray.swift in Sources */ = {isa = PBXBuildFile; fileRef = 11317FB6225C6B2100FEE0D3 /* ReverseArray.swift */; };
		11317FC4225C6B2100FEE0D3 /* Queue.swift in Sources */ = {isa = PBXBuildFile; fileRef = 11317FB7225C6B2100FEE0D3 /* Queue.swift */; };
		11317FCD225C6E9E00FEE0D3 /* WarmUp.swift in Sources */ = {isa = PBXBuildFile; fileRef = 11317FCC225C6E9E00FEE0D3 /* WarmUp.swift */; };
/* End PBXBuildFile section */

/* Begin PBXFileReference section */
		11317F96225C6AAB00FEE0D3 /* swift-ds_alg.app */ = {isa = PBXFileReference; explicitFileType = wrapper.application; includeInIndex = 0; path = "swift-ds_alg.app"; sourceTree = BUILT_PRODUCTS_DIR; };
		11317F99225C6AAB00FEE0D3 /* AppDelegate.swift */ = {isa = PBXFileReference; lastKnownFileType = sourcecode.swift; path = AppDelegate.swift; sourceTree = "<group>"; };
		11317FA0225C6AAD00FEE0D3 /* Assets.xcassets */ = {isa = PBXFileReference; lastKnownFileType = folder.assetcatalog; path = Assets.xcassets; sourceTree = "<group>"; };
		11317FA5225C6AAD00FEE0D3 /* Info.plist */ = {isa = PBXFileReference; lastKnownFileType = text.plist.xml; path = Info.plist; sourceTree = "<group>"; };
		11317FAB225C6B2100FEE0D3 /* Memoization.swift */ = {isa = PBXFileReference; fileEncoding = 4; lastKnownFileType = sourcecode.swift; path = Memoization.swift; sourceTree = "<group>"; };
		11317FAC225C6B2100FEE0D3 /* BinaryTree.swift */ = {isa = PBXFileReference; fileEncoding = 4; lastKnownFileType = sourcecode.swift; path = BinaryTree.swift; sourceTree = "<group>"; };
		11317FAD225C6B2100FEE0D3 /* BFS.swift */ = {isa = PBXFileReference; fileEncoding = 4; lastKnownFileType = sourcecode.swift; path = BFS.swift; sourceTree = "<group>"; };
		11317FAE225C6B2100FEE0D3 /* Tries.swift */ = {isa = PBXFileReference; fileEncoding = 4; lastKnownFileType = sourcecode.swift; path = Tries.swift; sourceTree = "<group>"; };
		11317FAF225C6B2100FEE0D3 /* BinarySearch.swift */ = {isa = PBXFileReference; fileEncoding = 4; lastKnownFileType = sourcecode.swift; path = BinarySearch.swift; sourceTree = "<group>"; };
		11317FB0225C6B2100FEE0D3 /* DFS.swift */ = {isa = PBXFileReference; fileEncoding = 4; lastKnownFileType = sourcecode.swift; path = DFS.swift; sourceTree = "<group>"; };
		11317FB1225C6B2100FEE0D3 /* KthGrammar.swift */ = {isa = PBXFileReference; fileEncoding = 4; lastKnownFileType = sourcecode.swift; path = KthGrammar.swift; sourceTree = "<group>"; };
		11317FB2225C6B2100FEE0D3 /* Stack.swift */ = {isa = PBXFileReference; fileEncoding = 4; lastKnownFileType = sourcecode.swift; path = Stack.swift; sourceTree = "<group>"; };
		11317FB3225C6B2100FEE0D3 /* SinglyLinkedList.swift */ = {isa = PBXFileReference; fileEncoding = 4; lastKnownFileType = sourcecode.swift; path = SinglyLinkedList.swift; sourceTree = "<group>"; };
		11317FB4225C6B2100FEE0D3 /* Coordinate.swift */ = {isa = PBXFileReference; fileEncoding = 4; lastKnownFileType = sourcecode.swift; path = Coordinate.swift; sourceTree = "<group>"; };
		11317FB5225C6B2100FEE0D3 /* PascalsTriangle.swift */ = {isa = PBXFileReference; fileEncoding = 4; lastKnownFileType = sourcecode.swift; path = PascalsTriangle.swift; sourceTree = "<group>"; };
		11317FB6225C6B2100FEE0D3 /* ReverseArray.swift */ = {isa = PBXFileReference; fileEncoding = 4; lastKnownFileType = sourcecode.swift; path = ReverseArray.swift; sourceTree = "<group>"; };
		11317FB7225C6B2100FEE0D3 /* Queue.swift */ = {isa = PBXFileReference; fileEncoding = 4; lastKnownFileType = sourcecode.swift; path = Queue.swift; sourceTree = "<group>"; };
		11317FC8225C6C4300FEE0D3 /* README.md */ = {isa = PBXFileReference; lastKnownFileType = net.daringfireball.markdown; path = README.md; sourceTree = "<group>"; };
		11317FCC225C6E9E00FEE0D3 /* WarmUp.swift */ = {isa = PBXFileReference; lastKnownFileType = sourcecode.swift; path = WarmUp.swift; sourceTree = "<group>"; };
/* End PBXFileReference section */

/* Begin PBXFrameworksBuildPhase section */
		11317F93225C6AAB00FEE0D3 /* Frameworks */ = {
			isa = PBXFrameworksBuildPhase;
			buildActionMask = 2147483647;
			files = (
			);
			runOnlyForDeploymentPostprocessing = 0;
		};
/* End PBXFrameworksBuildPhase section */

/* Begin PBXGroup section */
		11317F8D225C6AAB00FEE0D3 = {
			isa = PBXGroup;
			children = (
				11317FC8225C6C4300FEE0D3 /* README.md */,
				11317F98225C6AAB00FEE0D3 /* swift-ds_alg */,
				11317F97225C6AAB00FEE0D3 /* Products */,
			);
			sourceTree = "<group>";
		};
		11317F97225C6AAB00FEE0D3 /* Products */ = {
			isa = PBXGroup;
			children = (
				11317F96225C6AAB00FEE0D3 /* swift-ds_alg.app */,
			);
			name = Products;
			sourceTree = "<group>";
		};
		11317F98225C6AAB00FEE0D3 /* swift-ds_alg */ = {
			isa = PBXGroup;
			children = (
				11317FC9225C6C7300FEE0D3 /* ds_alg */,
				11317F99225C6AAB00FEE0D3 /* AppDelegate.swift */,
				11317FA0225C6AAD00FEE0D3 /* Assets.xcassets */,
				11317FA5225C6AAD00FEE0D3 /* Info.plist */,
			);
			path = "swift-ds_alg";
			sourceTree = "<group>";
		};
		11317FC5225C6B2500FEE0D3 /* Utils */ = {
			isa = PBXGroup;
			children = (
				11317FB4225C6B2100FEE0D3 /* Coordinate.swift */,
			);
			path = Utils;
			sourceTree = "<group>";
		};
		11317FC9225C6C7300FEE0D3 /* ds_alg */ = {
			isa = PBXGroup;
			children = (
				11317FC5225C6B2500FEE0D3 /* Utils */,
				11317FCA225C6E5400FEE0D3 /* Leetcode */,
				11317FCB225C6E6500FEE0D3 /* Hackerrank */,
			);
			path = ds_alg;
			sourceTree = "<group>";
		};
		11317FCA225C6E5400FEE0D3 /* Leetcode */ = {
			isa = PBXGroup;
			children = (
				11317FAD225C6B2100FEE0D3 /* BFS.swift */,
				11317FAF225C6B2100FEE0D3 /* BinarySearch.swift */,
				11317FAC225C6B2100FEE0D3 /* BinaryTree.swift */,
				11317FB0225C6B2100FEE0D3 /* DFS.swift */,
				11317FB1225C6B2100FEE0D3 /* KthGrammar.swift */,
				11317FAB225C6B2100FEE0D3 /* Memoization.swift */,
				11317FB5225C6B2100FEE0D3 /* PascalsTriangle.swift */,
				11317FB7225C6B2100FEE0D3 /* Queue.swift */,
				11317FB6225C6B2100FEE0D3 /* ReverseArray.swift */,
				11317FB3225C6B2100FEE0D3 /* SinglyLinkedList.swift */,
				11317FB2225C6B2100FEE0D3 /* Stack.swift */,
				11317FAE225C6B2100FEE0D3 /* Tries.swift */,
			);
			path = Leetcode;
			sourceTree = "<group>";
		};
		11317FCB225C6E6500FEE0D3 /* Hackerrank */ = {
			isa = PBXGroup;
			children = (
				11317FCC225C6E9E00FEE0D3 /* WarmUp.swift */,
			);
			path = Hackerrank;
			sourceTree = "<group>";
		};
/* End PBXGroup section */

/* Begin PBXNativeTarget section */
		11317F95225C6AAB00FEE0D3 /* swift-ds_alg */ = {
			isa = PBXNativeTarget;
			buildConfigurationList = 11317FA8225C6AAD00FEE0D3 /* Build configuration list for PBXNativeTarget "swift-ds_alg" */;
			buildPhases = (
				11317F92225C6AAB00FEE0D3 /* Sources */,
				11317F93225C6AAB00FEE0D3 /* Frameworks */,
				11317F94225C6AAB00FEE0D3 /* Resources */,
			);
			buildRules = (
			);
			dependencies = (
			);
			name = "swift-ds_alg";
			productName = "swift-ds_alg";
			productReference = 11317F96225C6AAB00FEE0D3 /* swift-ds_alg.app */;
			productType = "com.apple.product-type.application";
		};
/* End PBXNativeTarget section */

/* Begin PBXProject section */
		11317F8E225C6AAB00FEE0D3 /* Project object */ = {
			isa = PBXProject;
			attributes = {
				LastSwiftUpdateCheck = 1010;
				LastUpgradeCheck = 1010;
				ORGANIZATIONNAME = Oleksandr;
				TargetAttributes = {
					11317F95225C6AAB00FEE0D3 = {
						CreatedOnToolsVersion = 10.1;
					};
				};
			};
			buildConfigurationList = 11317F91225C6AAB00FEE0D3 /* Build configuration list for PBXProject "swift-ds_alg" */;
			compatibilityVersion = "Xcode 9.3";
			developmentRegion = en;
			hasScannedForEncodings = 0;
			knownRegions = (
				en,
				Base,
			);
			mainGroup = 11317F8D225C6AAB00FEE0D3;
			productRefGroup = 11317F97225C6AAB00FEE0D3 /* Products */;
			projectDirPath = "";
			projectRoot = "";
			targets = (
				11317F95225C6AAB00FEE0D3 /* swift-ds_alg */,
			);
		};
/* End PBXProject section */

/* Begin PBXResourcesBuildPhase section */
		11317F94225C6AAB00FEE0D3 /* Resources */ = {
			isa = PBXResourcesBuildPhase;
			buildActionMask = 2147483647;
			files = (
				11317FA1225C6AAD00FEE0D3 /* Assets.xcassets in Resources */,
			);
			runOnlyForDeploymentPostprocessing = 0;
		};
/* End PBXResourcesBuildPhase section */

/* Begin PBXSourcesBuildPhase section */
		11317F92225C6AAB00FEE0D3 /* Sources */ = {
			isa = PBXSourcesBuildPhase;
			buildActionMask = 2147483647;
			files = (
				11317FC1225C6B2100FEE0D3 /* Coordinate.swift in Sources */,
				11317FC4225C6B2100FEE0D3 /* Queue.swift in Sources */,
				11317FC0225C6B2100FEE0D3 /* SinglyLinkedList.swift in Sources */,
				11317FCD225C6E9E00FEE0D3 /* WarmUp.swift in Sources */,
				11317FB8225C6B2100FEE0D3 /* Memoization.swift in Sources */,
				11317FBF225C6B2100FEE0D3 /* Stack.swift in Sources */,
				11317FC3225C6B2100FEE0D3 /* ReverseArray.swift in Sources */,
				11317FBE225C6B2100FEE0D3 /* KthGrammar.swift in Sources */,
				11317FC2225C6B2100FEE0D3 /* PascalsTriangle.swift in Sources */,
				11317F9A225C6AAB00FEE0D3 /* AppDelegate.swift in Sources */,
				11317FBC225C6B2100FEE0D3 /* BinarySearch.swift in Sources */,
				11317FBB225C6B2100FEE0D3 /* Tries.swift in Sources */,
				11317FB9225C6B2100FEE0D3 /* BinaryTree.swift in Sources */,
				11317FBD225C6B2100FEE0D3 /* DFS.swift in Sources */,
				11317FBA225C6B2100FEE0D3 /* BFS.swift in Sources */,
			);
			runOnlyForDeploymentPostprocessing = 0;
		};
/* End PBXSourcesBuildPhase section */

/* Begin XCBuildConfiguration section */
		11317FA6225C6AAD00FEE0D3 /* Debug */ = {
			isa = XCBuildConfiguration;
			buildSettings = {
				ALWAYS_SEARCH_USER_PATHS = NO;
				CLANG_ANALYZER_NONNULL = YES;
				CLANG_ANALYZER_NUMBER_OBJECT_CONVERSION = YES_AGGRESSIVE;
				CLANG_CXX_LANGUAGE_STANDARD = "gnu++14";
				CLANG_CXX_LIBRARY = "libc++";
				CLANG_ENABLE_MODULES = YES;
				CLANG_ENABLE_OBJC_ARC = YES;
				CLANG_ENABLE_OBJC_WEAK = YES;
				CLANG_WARN_BLOCK_CAPTURE_AUTORELEASING = YES;
				CLANG_WARN_BOOL_CONVERSION = YES;
				CLANG_WARN_COMMA = YES;
				CLANG_WARN_CONSTANT_CONVERSION = YES;
				CLANG_WARN_DEPRECATED_OBJC_IMPLEMENTATIONS = YES;
				CLANG_WARN_DIRECT_OBJC_ISA_USAGE = YES_ERROR;
				CLANG_WARN_DOCUMENTATION_COMMENTS = YES;
				CLANG_WARN_EMPTY_BODY = YES;
				CLANG_WARN_ENUM_CONVERSION = YES;
				CLANG_WARN_INFINITE_RECURSION = YES;
				CLANG_WARN_INT_CONVERSION = YES;
				CLANG_WARN_NON_LITERAL_NULL_CONVERSION = YES;
				CLANG_WARN_OBJC_IMPLICIT_RETAIN_SELF = YES;
				CLANG_WARN_OBJC_LITERAL_CONVERSION = YES;
				CLANG_WARN_OBJC_ROOT_CLASS = YES_ERROR;
				CLANG_WARN_RANGE_LOOP_ANALYSIS = YES;
				CLANG_WARN_STRICT_PROTOTYPES = YES;
				CLANG_WARN_SUSPICIOUS_MOVE = YES;
				CLANG_WARN_UNGUARDED_AVAILABILITY = YES_AGGRESSIVE;
				CLANG_WARN_UNREACHABLE_CODE = YES;
				CLANG_WARN__DUPLICATE_METHOD_MATCH = YES;
				CODE_SIGN_IDENTITY = "iPhone Developer";
				COPY_PHASE_STRIP = NO;
				DEBUG_INFORMATION_FORMAT = dwarf;
				ENABLE_STRICT_OBJC_MSGSEND = YES;
				ENABLE_TESTABILITY = YES;
				GCC_C_LANGUAGE_STANDARD = gnu11;
				GCC_DYNAMIC_NO_PIC = NO;
				GCC_NO_COMMON_BLOCKS = YES;
				GCC_OPTIMIZATION_LEVEL = 0;
				GCC_PREPROCESSOR_DEFINITIONS = (
					"DEBUG=1",
					"$(inherited)",
				);
				GCC_WARN_64_TO_32_BIT_CONVERSION = YES;
				GCC_WARN_ABOUT_RETURN_TYPE = YES_ERROR;
				GCC_WARN_UNDECLARED_SELECTOR = YES;
				GCC_WARN_UNINITIALIZED_AUTOS = YES_AGGRESSIVE;
				GCC_WARN_UNUSED_FUNCTION = YES;
				GCC_WARN_UNUSED_VARIABLE = YES;
				IPHONEOS_DEPLOYMENT_TARGET = 12.1;
				MTL_ENABLE_DEBUG_INFO = INCLUDE_SOURCE;
				MTL_FAST_MATH = YES;
				ONLY_ACTIVE_ARCH = YES;
				SDKROOT = iphoneos;
				SWIFT_ACTIVE_COMPILATION_CONDITIONS = DEBUG;
				SWIFT_OPTIMIZATION_LEVEL = "-Onone";
			};
			name = Debug;
		};
		11317FA7225C6AAD00FEE0D3 /* Release */ = {
			isa = XCBuildConfiguration;
			buildSettings = {
				ALWAYS_SEARCH_USER_PATHS = NO;
				CLANG_ANALYZER_NONNULL = YES;
				CLANG_ANALYZER_NUMBER_OBJECT_CONVERSION = YES_AGGRESSIVE;
				CLANG_CXX_LANGUAGE_STANDARD = "gnu++14";
				CLANG_CXX_LIBRARY = "libc++";
				CLANG_ENABLE_MODULES = YES;
				CLANG_ENABLE_OBJC_ARC = YES;
				CLANG_ENABLE_OBJC_WEAK = YES;
				CLANG_WARN_BLOCK_CAPTURE_AUTORELEASING = YES;
				CLANG_WARN_BOOL_CONVERSION = YES;
				CLANG_WARN_COMMA = YES;
				CLANG_WARN_CONSTANT_CONVERSION = YES;
				CLANG_WARN_DEPRECATED_OBJC_IMPLEMENTATIONS = YES;
				CLANG_WARN_DIRECT_OBJC_ISA_USAGE = YES_ERROR;
				CLANG_WARN_DOCUMENTATION_COMMENTS = YES;
				CLANG_WARN_EMPTY_BODY = YES;
				CLANG_WARN_ENUM_CONVERSION = YES;
				CLANG_WARN_INFINITE_RECURSION = YES;
				CLANG_WARN_INT_CONVERSION = YES;
				CLANG_WARN_NON_LITERAL_NULL_CONVERSION = YES;
				CLANG_WARN_OBJC_IMPLICIT_RETAIN_SELF = YES;
				CLANG_WARN_OBJC_LITERAL_CONVERSION = YES;
				CLANG_WARN_OBJC_ROOT_CLASS = YES_ERROR;
				CLANG_WARN_RANGE_LOOP_ANALYSIS = YES;
				CLANG_WARN_STRICT_PROTOTYPES = YES;
				CLANG_WARN_SUSPICIOUS_MOVE = YES;
				CLANG_WARN_UNGUARDED_AVAILABILITY = YES_AGGRESSIVE;
				CLANG_WARN_UNREACHABLE_CODE = YES;
				CLANG_WARN__DUPLICATE_METHOD_MATCH = YES;
				CODE_SIGN_IDENTITY = "iPhone Developer";
				COPY_PHASE_STRIP = NO;
				DEBUG_INFORMATION_FORMAT = "dwarf-with-dsym";
				ENABLE_NS_ASSERTIONS = NO;
				ENABLE_STRICT_OBJC_MSGSEND = YES;
				GCC_C_LANGUAGE_STANDARD = gnu11;
				GCC_NO_COMMON_BLOCKS = YES;
				GCC_WARN_64_TO_32_BIT_CONVERSION = YES;
				GCC_WARN_ABOUT_RETURN_TYPE = YES_ERROR;
				GCC_WARN_UNDECLARED_SELECTOR = YES;
				GCC_WARN_UNINITIALIZED_AUTOS = YES_AGGRESSIVE;
				GCC_WARN_UNUSED_FUNCTION = YES;
				GCC_WARN_UNUSED_VARIABLE = YES;
				IPHONEOS_DEPLOYMENT_TARGET = 12.1;
				MTL_ENABLE_DEBUG_INFO = NO;
				MTL_FAST_MATH = YES;
				SDKROOT = iphoneos;
				SWIFT_COMPILATION_MODE = wholemodule;
				SWIFT_OPTIMIZATION_LEVEL = "-O";
				VALIDATE_PRODUCT = YES;
			};
			name = Release;
		};
		11317FA9225C6AAD00FEE0D3 /* Debug */ = {
			isa = XCBuildConfiguration;
			buildSettings = {
				ASSETCATALOG_COMPILER_APPICON_NAME = AppIcon;
				CODE_SIGN_STYLE = Automatic;
				INFOPLIST_FILE = "swift-ds_alg/Info.plist";
				LD_RUNPATH_SEARCH_PATHS = (
					"$(inherited)",
					"@executable_path/Frameworks",
				);
				PRODUCT_BUNDLE_IDENTIFIER = "oleksandr.swift-ds-alg";
				PRODUCT_NAME = "$(TARGET_NAME)";
				SWIFT_VERSION = 4.2;
				TARGETED_DEVICE_FAMILY = "1,2";
			};
			name = Debug;
		};
		11317FAA225C6AAD00FEE0D3 /* Release */ = {
			isa = XCBuildConfiguration;
			buildSettings = {
				ASSETCATALOG_COMPILER_APPICON_NAME = AppIcon;
				CODE_SIGN_STYLE = Automatic;
				INFOPLIST_FILE = "swift-ds_alg/Info.plist";
				LD_RUNPATH_SEARCH_PATHS = (
					"$(inherited)",
					"@executable_path/Frameworks",
				);
				PRODUCT_BUNDLE_IDENTIFIER = "oleksandr.swift-ds-alg";
				PRODUCT_NAME = "$(TARGET_NAME)";
				SWIFT_VERSION = 4.2;
				TARGETED_DEVICE_FAMILY = "1,2";
			};
			name = Release;
		};
/* End XCBuildConfiguration section */

/* Begin XCConfigurationList section */
		11317F91225C6AAB00FEE0D3 /* Build configuration list for PBXProject "swift-ds_alg" */ = {
			isa = XCConfigurationList;
			buildConfigurations = (
				11317FA6225C6AAD00FEE0D3 /* Debug */,
				11317FA7225C6AAD00FEE0D3 /* Release */,
			);
			defaultConfigurationIsVisible = 0;
			defaultConfigurationName = Release;
		};
		11317FA8225C6AAD00FEE0D3 /* Build configuration list for PBXNativeTarget "swift-ds_alg" */ = {
			isa = XCConfigurationList;
			buildConfigurations = (
				11317FA9225C6AAD00FEE0D3 /* Debug */,
				11317FAA225C6AAD00FEE0D3 /* Release */,
			);
			defaultConfigurationIsVisible = 0;
			defaultConfigurationName = Release;
		};
/* End XCConfigurationList section */
	};
	rootObject = 11317F8E225C6AAB00FEE0D3 /* Project object */;
}
