// !$*UTF8*$!
{
	archiveVersion = 1;
	classes = {
	};
	objectVersion = 50;
	objects = {

/* Begin PBXBuildFile section */
		11317F9A225C6AAB00FEE0D3 /* AppDelegate.swift in Sources */ = {isa = PBXBuildFile; fileRef = 11317F99225C6AAB00FEE0D3 /* AppDelegate.swift */; };
		11317FA1225C6AAD00FEE0D3 /* Assets.xcassets in Resources */ = {isa = PBXBuildFile; fileRef = 11317FA0225C6AAD00FEE0D3 /* Assets.xcassets */; };
		11317FB8225C6B2100FEE0D3 /* Memoization.swift in Sources */ = {isa = PBXBuildFile; fileRef = 11317FAB225C6B2100FEE0D3 /* Memoization.swift */; };
		11317FB9225C6B2100FEE0D3 /* BinaryTree.swift in Sources */ = {isa = PBXBuildFile; fileRef = 11317FAC225C6B2100FEE0D3 /* BinaryTree.swift */; };
		11317FBA225C6B2100FEE0D3 /* BFS.swift in Sources */ = {isa = PBXBuildFile; fileRef = 11317FAD225C6B2100FEE0D3 /* BFS.swift */; };
		11317FBB225C6B2100FEE0D3 /* Tries.swift in Sources */ = {isa = PBXBuildFile; fileRef = 11317FAE225C6B2100FEE0D3 /* Tries.swift */; };
		11317FBC225C6B2100FEE0D3 /* BinarySearch.swift in Sources */ = {isa = PBXBuildFile; fileRef = 11317FAF225C6B2100FEE0D3 /* BinarySearch.swift */; };
		11317FBD225C6B2100FEE0D3 /* DFS.swift in Sources */ = {isa = PBXBuildFile; fileRef = 11317FB0225C6B2100FEE0D3 /* DFS.swift */; };
		11317FBE225C6B2100FEE0D3 /* KthGrammar.swift in Sources */ = {isa = PBXBuildFile; fileRef = 11317FB1225C6B2100FEE0D3 /* KthGrammar.swift */; };
		11317FBF225C6B2100FEE0D3 /* Stack.swift in Sources */ = {isa = PBXBuildFile; fileRef = 11317FB2225C6B2100FEE0D3 /* Stack.swift */; };
		11317FC0225C6B2100FEE0D3 /* ListNode.swift in Sources */ = {isa = PBXBuildFile; fileRef = 11317FB3225C6B2100FEE0D3 /* ListNode.swift */; };
		11317FC1225C6B2100FEE0D3 /* Coordinate.swift in Sources */ = {isa = PBXBuildFile; fileRef = 11317FB4225C6B2100FEE0D3 /* Coordinate.swift */; };
		11317FC2225C6B2100FEE0D3 /* PascalsTriangle.swift in Sources */ = {isa = PBXBuildFile; fileRef = 11317FB5225C6B2100FEE0D3 /* PascalsTriangle.swift */; };
		11317FC3225C6B2100FEE0D3 /* ReverseArray.swift in Sources */ = {isa = PBXBuildFile; fileRef = 11317FB6225C6B2100FEE0D3 /* ReverseArray.swift */; };
		11317FC4225C6B2100FEE0D3 /* CircularQueue.swift in Sources */ = {isa = PBXBuildFile; fileRef = 11317FB7225C6B2100FEE0D3 /* CircularQueue.swift */; };
		11317FCD225C6E9E00FEE0D3 /* HRWarmUp.swift in Sources */ = {isa = PBXBuildFile; fileRef = 11317FCC225C6E9E00FEE0D3 /* HRWarmUp.swift */; };
		113B8F3422781B3200A16173 /* Default-568h@2x.png in Resources */ = {isa = PBXBuildFile; fileRef = 113B8F3322781B3200A16173 /* Default-568h@2x.png */; };
		114EB231225DBE9600C341C1 /* HRArrays.swift in Sources */ = {isa = PBXBuildFile; fileRef = 114EB230225DBE9600C341C1 /* HRArrays.swift */; };
		116D4ABF228A951800FD54CF /* LCSortingAndSearching.swift in Sources */ = {isa = PBXBuildFile; fileRef = 116D4ABE228A951800FD54CF /* LCSortingAndSearching.swift */; };
		116D4AC7228BE34300FD54CF /* LCDynamicProgramming.swift in Sources */ = {isa = PBXBuildFile; fileRef = 116D4AC6228BE34300FD54CF /* LCDynamicProgramming.swift */; };
		118D661922610CAE00FF01DD /* Character+Ascii.swift in Sources */ = {isa = PBXBuildFile; fileRef = 118D661822610CAE00FF01DD /* Character+Ascii.swift */; };
		118D661B2262110800FF01DD /* HRSorting.swift in Sources */ = {isa = PBXBuildFile; fileRef = 118D661A2262110800FF01DD /* HRSorting.swift */; };
		118D661D22624C8A00FF01DD /* Array+QuickSort.swift in Sources */ = {isa = PBXBuildFile; fileRef = 118D661C22624C8A00FF01DD /* Array+QuickSort.swift */; };
		118D661F2262610F00FF01DD /* HRStrings.swift in Sources */ = {isa = PBXBuildFile; fileRef = 118D661E2262610F00FF01DD /* HRStrings.swift */; };
		118D6621226351B200FF01DD /* HRSearch.swift in Sources */ = {isa = PBXBuildFile; fileRef = 118D6620226351B200FF01DD /* HRSearch.swift */; };
		118D66232263705D00FF01DD /* HRGreedyAlgorithms.swift in Sources */ = {isa = PBXBuildFile; fileRef = 118D66222263705D00FF01DD /* HRGreedyAlgorithms.swift */; };
		118D66262264584A00FF01DD /* TreeNode.swift in Sources */ = {isa = PBXBuildFile; fileRef = 118D66252264584A00FF01DD /* TreeNode.swift */; };
		118D662C226458EC00FF01DD /* Trie.swift in Sources */ = {isa = PBXBuildFile; fileRef = 118D662B226458EC00FF01DD /* Trie.swift */; };
		118D662E2264590600FF01DD /* MinStack.swift in Sources */ = {isa = PBXBuildFile; fileRef = 118D662D2264590600FF01DD /* MinStack.swift */; };
		11910E862283FBD600A6D6AF /* LCLinkedList.swift in Sources */ = {isa = PBXBuildFile; fileRef = 11910E852283FBD600A6D6AF /* LCLinkedList.swift */; };
		11B48109229BB66000A87E94 /* HashSet.swift in Sources */ = {isa = PBXBuildFile; fileRef = 11B48108229BB66000A87E94 /* HashSet.swift */; };
		11B4810B229BEA8700A87E94 /* LCArrayAndStrings.swift in Sources */ = {isa = PBXBuildFile; fileRef = 11B4810A229BEA8700A87E94 /* LCArrayAndStrings.swift */; };
		11B4810D229BEC5C00A87E94 /* MapSum.swift in Sources */ = {isa = PBXBuildFile; fileRef = 11B4810C229BEC5C00A87E94 /* MapSum.swift */; };
		11B4ADC322A0304900004314 /* Array+Digits.swift in Sources */ = {isa = PBXBuildFile; fileRef = 11B4ADC222A0304900004314 /* Array+Digits.swift */; };
		11EE4A92225FC1CD006E86E4 /* HRHashTables.swift in Sources */ = {isa = PBXBuildFile; fileRef = 11EE4A91225FC1CD006E86E4 /* HRHashTables.swift */; };
		11F1CFA9228947140049DECE /* LCTrees.swift in Sources */ = {isa = PBXBuildFile; fileRef = 11F1CFA8228947140049DECE /* LCTrees.swift */; };
/* End PBXBuildFile section */

/* Begin PBXFileReference section */
		11317F96225C6AAB00FEE0D3 /* swift-ds_alg.app */ = {isa = PBXFileReference; explicitFileType = wrapper.application; includeInIndex = 0; path = "swift-ds_alg.app"; sourceTree = BUILT_PRODUCTS_DIR; };
		11317F99225C6AAB00FEE0D3 /* AppDelegate.swift */ = {isa = PBXFileReference; lastKnownFileType = sourcecode.swift; path = AppDelegate.swift; sourceTree = "<group>"; };
		11317FA0225C6AAD00FEE0D3 /* Assets.xcassets */ = {isa = PBXFileReference; lastKnownFileType = folder.assetcatalog; path = Assets.xcassets; sourceTree = "<group>"; };
		11317FA5225C6AAD00FEE0D3 /* Info.plist */ = {isa = PBXFileReference; lastKnownFileType = text.plist.xml; path = Info.plist; sourceTree = "<group>"; };
		11317FAB225C6B2100FEE0D3 /* Memoization.swift */ = {isa = PBXFileReference; fileEncoding = 4; lastKnownFileType = sourcecode.swift; path = Memoization.swift; sourceTree = "<group>"; };
		11317FAC225C6B2100FEE0D3 /* BinaryTree.swift */ = {isa = PBXFileReference; fileEncoding = 4; lastKnownFileType = sourcecode.swift; path = BinaryTree.swift; sourceTree = "<group>"; };
		11317FAD225C6B2100FEE0D3 /* BFS.swift */ = {isa = PBXFileReference; fileEncoding = 4; lastKnownFileType = sourcecode.swift; path = BFS.swift; sourceTree = "<group>"; };
		11317FAE225C6B2100FEE0D3 /* Tries.swift */ = {isa = PBXFileReference; fileEncoding = 4; lastKnownFileType = sourcecode.swift; path = Tries.swift; sourceTree = "<group>"; };
		11317FAF225C6B2100FEE0D3 /* BinarySearch.swift */ = {isa = PBXFileReference; fileEncoding = 4; lastKnownFileType = sourcecode.swift; path = BinarySearch.swift; sourceTree = "<group>"; };
		11317FB0225C6B2100FEE0D3 /* DFS.swift */ = {isa = PBXFileReference; fileEncoding = 4; lastKnownFileType = sourcecode.swift; path = DFS.swift; sourceTree = "<group>"; };
		11317FB1225C6B2100FEE0D3 /* KthGrammar.swift */ = {isa = PBXFileReference; fileEncoding = 4; lastKnownFileType = sourcecode.swift; path = KthGrammar.swift; sourceTree = "<group>"; };
		11317FB2225C6B2100FEE0D3 /* Stack.swift */ = {isa = PBXFileReference; fileEncoding = 4; lastKnownFileType = sourcecode.swift; path = Stack.swift; sourceTree = "<group>"; };
		11317FB3225C6B2100FEE0D3 /* ListNode.swift */ = {isa = PBXFileReference; fileEncoding = 4; lastKnownFileType = sourcecode.swift; path = ListNode.swift; sourceTree = "<group>"; };
		11317FB4225C6B2100FEE0D3 /* Coordinate.swift */ = {isa = PBXFileReference; fileEncoding = 4; lastKnownFileType = sourcecode.swift; path = Coordinate.swift; sourceTree = "<group>"; };
		11317FB5225C6B2100FEE0D3 /* PascalsTriangle.swift */ = {isa = PBXFileReference; fileEncoding = 4; lastKnownFileType = sourcecode.swift; path = PascalsTriangle.swift; sourceTree = "<group>"; };
		11317FB6225C6B2100FEE0D3 /* ReverseArray.swift */ = {isa = PBXFileReference; fileEncoding = 4; lastKnownFileType = sourcecode.swift; path = ReverseArray.swift; sourceTree = "<group>"; };
		11317FB7225C6B2100FEE0D3 /* CircularQueue.swift */ = {isa = PBXFileReference; fileEncoding = 4; lastKnownFileType = sourcecode.swift; path = CircularQueue.swift; sourceTree = "<group>"; };
		11317FC8225C6C4300FEE0D3 /* README.md */ = {isa = PBXFileReference; lastKnownFileType = net.daringfireball.markdown; path = README.md; sourceTree = "<group>"; };
		11317FCC225C6E9E00FEE0D3 /* HRWarmUp.swift */ = {isa = PBXFileReference; lastKnownFileType = sourcecode.swift; path = HRWarmUp.swift; sourceTree = "<group>"; };
		113B8F3322781B3200A16173 /* Default-568h@2x.png */ = {isa = PBXFileReference; lastKnownFileType = image.png; path = "Default-568h@2x.png"; sourceTree = "<group>"; };
		114EB230225DBE9600C341C1 /* HRArrays.swift */ = {isa = PBXFileReference; lastKnownFileType = sourcecode.swift; path = HRArrays.swift; sourceTree = "<group>"; };
		116D4ABE228A951800FD54CF /* LCSortingAndSearching.swift */ = {isa = PBXFileReference; lastKnownFileType = sourcecode.swift; path = LCSortingAndSearching.swift; sourceTree = "<group>"; };
		116D4AC6228BE34300FD54CF /* LCDynamicProgramming.swift */ = {isa = PBXFileReference; lastKnownFileType = sourcecode.swift; path = LCDynamicProgramming.swift; sourceTree = "<group>"; };
		118D661822610CAE00FF01DD /* Character+Ascii.swift */ = {isa = PBXFileReference; lastKnownFileType = sourcecode.swift; path = "Character+Ascii.swift"; sourceTree = "<group>"; };
		118D661A2262110800FF01DD /* HRSorting.swift */ = {isa = PBXFileReference; lastKnownFileType = sourcecode.swift; path = HRSorting.swift; sourceTree = "<group>"; };
		118D661C22624C8A00FF01DD /* Array+QuickSort.swift */ = {isa = PBXFileReference; lastKnownFileType = sourcecode.swift; path = "Array+QuickSort.swift"; sourceTree = "<group>"; };
		118D661E2262610F00FF01DD /* HRStrings.swift */ = {isa = PBXFileReference; lastKnownFileType = sourcecode.swift; path = HRStrings.swift; sourceTree = "<group>"; };
		118D6620226351B200FF01DD /* HRSearch.swift */ = {isa = PBXFileReference; lastKnownFileType = sourcecode.swift; path = HRSearch.swift; sourceTree = "<group>"; };
		118D66222263705D00FF01DD /* HRGreedyAlgorithms.swift */ = {isa = PBXFileReference; lastKnownFileType = sourcecode.swift; path = HRGreedyAlgorithms.swift; sourceTree = "<group>"; };
		118D66252264584A00FF01DD /* TreeNode.swift */ = {isa = PBXFileReference; lastKnownFileType = sourcecode.swift; path = TreeNode.swift; sourceTree = "<group>"; };
		118D662B226458EC00FF01DD /* Trie.swift */ = {isa = PBXFileReference; lastKnownFileType = sourcecode.swift; path = Trie.swift; sourceTree = "<group>"; };
		118D662D2264590600FF01DD /* MinStack.swift */ = {isa = PBXFileReference; lastKnownFileType = sourcecode.swift; path = MinStack.swift; sourceTree = "<group>"; };
		11910E852283FBD600A6D6AF /* LCLinkedList.swift */ = {isa = PBXFileReference; lastKnownFileType = sourcecode.swift; path = LCLinkedList.swift; sourceTree = "<group>"; };
		11B48108229BB66000A87E94 /* HashSet.swift */ = {isa = PBXFileReference; lastKnownFileType = sourcecode.swift; path = HashSet.swift; sourceTree = "<group>"; };
		11B4810A229BEA8700A87E94 /* LCArrayAndStrings.swift */ = {isa = PBXFileReference; lastKnownFileType = sourcecode.swift; path = LCArrayAndStrings.swift; sourceTree = "<group>"; };
		11B4810C229BEC5C00A87E94 /* MapSum.swift */ = {isa = PBXFileReference; lastKnownFileType = sourcecode.swift; path = MapSum.swift; sourceTree = "<group>"; };
		11B4ADC222A0304900004314 /* Array+Digits.swift */ = {isa = PBXFileReference; lastKnownFileType = sourcecode.swift; path = "Array+Digits.swift"; sourceTree = "<group>"; };
		11EE4A91225FC1CD006E86E4 /* HRHashTables.swift */ = {isa = PBXFileReference; lastKnownFileType = sourcecode.swift; path = HRHashTables.swift; sourceTree = "<group>"; };
		11F1CFA8228947140049DECE /* LCTrees.swift */ = {isa = PBXFileReference; lastKnownFileType = sourcecode.swift; path = LCTrees.swift; sourceTree = "<group>"; };
/* End PBXFileReference section */

/* Begin PBXFrameworksBuildPhase section */
		11317F93225C6AAB00FEE0D3 /* Frameworks */ = {
			isa = PBXFrameworksBuildPhase;
			buildActionMask = 2147483647;
			files = (
			);
			runOnlyForDeploymentPostprocessing = 0;
		};
/* End PBXFrameworksBuildPhase section */

/* Begin PBXGroup section */
		11317F8D225C6AAB00FEE0D3 = {
			isa = PBXGroup;
			children = (
				113B8F3322781B3200A16173 /* Default-568h@2x.png */,
				11317FC8225C6C4300FEE0D3 /* README.md */,
				11317F98225C6AAB00FEE0D3 /* swift-ds_alg */,
				11317F97225C6AAB00FEE0D3 /* Products */,
			);
			sourceTree = "<group>";
		};
		11317F97225C6AAB00FEE0D3 /* Products */ = {
			isa = PBXGroup;
			children = (
				11317F96225C6AAB00FEE0D3 /* swift-ds_alg.app */,
			);
			name = Products;
			sourceTree = "<group>";
		};
		11317F98225C6AAB00FEE0D3 /* swift-ds_alg */ = {
			isa = PBXGroup;
			children = (
				11317F99225C6AAB00FEE0D3 /* AppDelegate.swift */,
				11317FC9225C6C7300FEE0D3 /* ds_alg */,
				11317FA0225C6AAD00FEE0D3 /* Assets.xcassets */,
				11317FA5225C6AAD00FEE0D3 /* Info.plist */,
			);
			path = "swift-ds_alg";
			sourceTree = "<group>";
		};
		11317FC5225C6B2500FEE0D3 /* Utils */ = {
			isa = PBXGroup;
			children = (
				11B4ADC222A0304900004314 /* Array+Digits.swift */,
				118D661C22624C8A00FF01DD /* Array+QuickSort.swift */,
				118D661822610CAE00FF01DD /* Character+Ascii.swift */,
				11317FB4225C6B2100FEE0D3 /* Coordinate.swift */,
			);
			path = Utils;
			sourceTree = "<group>";
		};
		11317FC9225C6C7300FEE0D3 /* ds_alg */ = {
			isa = PBXGroup;
			children = (
				11317FC5225C6B2500FEE0D3 /* Utils */,
				11317FCA225C6E5400FEE0D3 /* Leetcode */,
				11317FCB225C6E6500FEE0D3 /* Hackerrank */,
			);
			path = ds_alg;
			sourceTree = "<group>";
		};
		11317FCA225C6E5400FEE0D3 /* Leetcode */ = {
			isa = PBXGroup;
			children = (
				118D662A226458B600FF01DD /* DS */,
				11AFBC9A2269A33500B8CF32 /* TopInterviewQuestions */,
				11AFBC9C2269A36F00B8CF32 /* Misc */,
			);
			path = Leetcode;
			sourceTree = "<group>";
		};
		11317FCB225C6E6500FEE0D3 /* Hackerrank */ = {
			isa = PBXGroup;
			children = (
				11AFBC9B2269A35C00B8CF32 /* InterviewPreparationKit */,
			);
			path = Hackerrank;
			sourceTree = "<group>";
		};
		118D662A226458B600FF01DD /* DS */ = {
			isa = PBXGroup;
			children = (
				11317FB7225C6B2100FEE0D3 /* CircularQueue.swift */,
				11B48108229BB66000A87E94 /* HashSet.swift */,
				11317FB3225C6B2100FEE0D3 /* ListNode.swift */,
				11B4810C229BEC5C00A87E94 /* MapSum.swift */,
				118D662D2264590600FF01DD /* MinStack.swift */,
				118D66252264584A00FF01DD /* TreeNode.swift */,
				118D662B226458EC00FF01DD /* Trie.swift */,
			);
			path = DS;
			sourceTree = "<group>";
		};
		11AFBC9A2269A33500B8CF32 /* TopInterviewQuestions */ = {
			isa = PBXGroup;
			children = (
				11B4810A229BEA8700A87E94 /* LCArrayAndStrings.swift */,
				116D4AC6228BE34300FD54CF /* LCDynamicProgramming.swift */,
				11910E852283FBD600A6D6AF /* LCLinkedList.swift */,
				116D4ABE228A951800FD54CF /* LCSortingAndSearching.swift */,
				11F1CFA8228947140049DECE /* LCTrees.swift */,
			);
			path = TopInterviewQuestions;
			sourceTree = "<group>";
		};
		11AFBC9B2269A35C00B8CF32 /* InterviewPreparationKit */ = {
			isa = PBXGroup;
			children = (
				11317FCC225C6E9E00FEE0D3 /* HRWarmUp.swift */,
				114EB230225DBE9600C341C1 /* HRArrays.swift */,
				11EE4A91225FC1CD006E86E4 /* HRHashTables.swift */,
				118D661A2262110800FF01DD /* HRSorting.swift */,
				118D661E2262610F00FF01DD /* HRStrings.swift */,
				118D6620226351B200FF01DD /* HRSearch.swift */,
				118D66222263705D00FF01DD /* HRGreedyAlgorithms.swift */,
			);
			path = InterviewPreparationKit;
			sourceTree = "<group>";
		};
		11AFBC9C2269A36F00B8CF32 /* Misc */ = {
			isa = PBXGroup;
			children = (
				11317FAD225C6B2100FEE0D3 /* BFS.swift */,
				11317FAF225C6B2100FEE0D3 /* BinarySearch.swift */,
				11317FAC225C6B2100FEE0D3 /* BinaryTree.swift */,
				11317FB0225C6B2100FEE0D3 /* DFS.swift */,
				11317FB1225C6B2100FEE0D3 /* KthGrammar.swift */,
				11317FAB225C6B2100FEE0D3 /* Memoization.swift */,
				11317FB5225C6B2100FEE0D3 /* PascalsTriangle.swift */,
				11317FB6225C6B2100FEE0D3 /* ReverseArray.swift */,
				11317FB2225C6B2100FEE0D3 /* Stack.swift */,
				11317FAE225C6B2100FEE0D3 /* Tries.swift */,
			);
			path = Misc;
			sourceTree = "<group>";
		};
/* End PBXGroup section */

/* Begin PBXNativeTarget section */
		11317F95225C6AAB00FEE0D3 /* swift-ds_alg */ = {
			isa = PBXNativeTarget;
			buildConfigurationList = 11317FA8225C6AAD00FEE0D3 /* Build configuration list for PBXNativeTarget "swift-ds_alg" */;
			buildPhases = (
				11317F92225C6AAB00FEE0D3 /* Sources */,
				11317F93225C6AAB00FEE0D3 /* Frameworks */,
				11317F94225C6AAB00FEE0D3 /* Resources */,
			);
			buildRules = (
			);
			dependencies = (
			);
			name = "swift-ds_alg";
			productName = "swift-ds_alg";
			productReference = 11317F96225C6AAB00FEE0D3 /* swift-ds_alg.app */;
			productType = "com.apple.product-type.application";
		};
/* End PBXNativeTarget section */

/* Begin PBXProject section */
		11317F8E225C6AAB00FEE0D3 /* Project object */ = {
			isa = PBXProject;
			attributes = {
				LastSwiftUpdateCheck = 1010;
				LastUpgradeCheck = 1010;
				ORGANIZATIONNAME = Oleksandr;
				TargetAttributes = {
					11317F95225C6AAB00FEE0D3 = {
						CreatedOnToolsVersion = 10.1;
						LastSwiftMigration = 1020;
					};
				};
			};
			buildConfigurationList = 11317F91225C6AAB00FEE0D3 /* Build configuration list for PBXProject "swift-ds_alg" */;
			compatibilityVersion = "Xcode 9.3";
			developmentRegion = en;
			hasScannedForEncodings = 0;
			knownRegions = (
				en,
				Base,
			);
			mainGroup = 11317F8D225C6AAB00FEE0D3;
			productRefGroup = 11317F97225C6AAB00FEE0D3 /* Products */;
			projectDirPath = "";
			projectRoot = "";
			targets = (
				11317F95225C6AAB00FEE0D3 /* swift-ds_alg */,
			);
		};
/* End PBXProject section */

/* Begin PBXResourcesBuildPhase section */
		11317F94225C6AAB00FEE0D3 /* Resources */ = {
			isa = PBXResourcesBuildPhase;
			buildActionMask = 2147483647;
			files = (
				11317FA1225C6AAD00FEE0D3 /* Assets.xcassets in Resources */,
				113B8F3422781B3200A16173 /* Default-568h@2x.png in Resources */,
			);
			runOnlyForDeploymentPostprocessing = 0;
		};
/* End PBXResourcesBuildPhase section */

/* Begin PBXSourcesBuildPhase section */
		11317F92225C6AAB00FEE0D3 /* Sources */ = {
			isa = PBXSourcesBuildPhase;
			buildActionMask = 2147483647;
			files = (
				11B4ADC322A0304900004314 /* Array+Digits.swift in Sources */,
				11317FC1225C6B2100FEE0D3 /* Coordinate.swift in Sources */,
				11317FC4225C6B2100FEE0D3 /* CircularQueue.swift in Sources */,
				11317FC0225C6B2100FEE0D3 /* ListNode.swift in Sources */,
				11910E862283FBD600A6D6AF /* LCLinkedList.swift in Sources */,
				118D661922610CAE00FF01DD /* Character+Ascii.swift in Sources */,
				118D661B2262110800FF01DD /* HRSorting.swift in Sources */,
				118D662C226458EC00FF01DD /* Trie.swift in Sources */,
				116D4ABF228A951800FD54CF /* LCSortingAndSearching.swift in Sources */,
				118D6621226351B200FF01DD /* HRSearch.swift in Sources */,
				11317FCD225C6E9E00FEE0D3 /* HRWarmUp.swift in Sources */,
				11317FB8225C6B2100FEE0D3 /* Memoization.swift in Sources */,
				116D4AC7228BE34300FD54CF /* LCDynamicProgramming.swift in Sources */,
				11EE4A92225FC1CD006E86E4 /* HRHashTables.swift in Sources */,
				114EB231225DBE9600C341C1 /* HRArrays.swift in Sources */,
				11B4810D229BEC5C00A87E94 /* MapSum.swift in Sources */,
				11B4810B229BEA8700A87E94 /* LCArrayAndStrings.swift in Sources */,
				118D662E2264590600FF01DD /* MinStack.swift in Sources */,
				11F1CFA9228947140049DECE /* LCTrees.swift in Sources */,
				11317FBF225C6B2100FEE0D3 /* Stack.swift in Sources */,
				11317FC3225C6B2100FEE0D3 /* ReverseArray.swift in Sources */,
				118D66232263705D00FF01DD /* HRGreedyAlgorithms.swift in Sources */,
				11317FBE225C6B2100FEE0D3 /* KthGrammar.swift in Sources */,
				11317FC2225C6B2100FEE0D3 /* PascalsTriangle.swift in Sources */,
				11317F9A225C6AAB00FEE0D3 /* AppDelegate.swift in Sources */,
				11317FBC225C6B2100FEE0D3 /* BinarySearch.swift in Sources */,
				11317FBB225C6B2100FEE0D3 /* Tries.swift in Sources */,
				11B48109229BB66000A87E94 /* HashSet.swift in Sources */,
				11317FB9225C6B2100FEE0D3 /* BinaryTree.swift in Sources */,
				118D661F2262610F00FF01DD /* HRStrings.swift in Sources */,
				11317FBD225C6B2100FEE0D3 /* DFS.swift in Sources */,
				11317FBA225C6B2100FEE0D3 /* BFS.swift in Sources */,
				118D661D22624C8A00FF01DD /* Array+QuickSort.swift in Sources */,
				118D66262264584A00FF01DD /* TreeNode.swift in Sources */,
			);
			runOnlyForDeploymentPostprocessing = 0;
		};
/* End PBXSourcesBuildPhase section */

/* Begin XCBuildConfiguration section */
		11317FA6225C6AAD00FEE0D3 /* Debug */ = {
			isa = XCBuildConfiguration;
			buildSettings = {
				ALWAYS_SEARCH_USER_PATHS = NO;
				CLANG_ANALYZER_NONNULL = YES;
				CLANG_ANALYZER_NUMBER_OBJECT_CONVERSION = YES_AGGRESSIVE;
				CLANG_CXX_LANGUAGE_STANDARD = "gnu++14";
				CLANG_CXX_LIBRARY = "libc++";
				CLANG_ENABLE_MODULES = YES;
				CLANG_ENABLE_OBJC_ARC = YES;
				CLANG_ENABLE_OBJC_WEAK = YES;
				CLANG_WARN_BLOCK_CAPTURE_AUTORELEASING = YES;
				CLANG_WARN_BOOL_CONVERSION = YES;
				CLANG_WARN_COMMA = YES;
				CLANG_WARN_CONSTANT_CONVERSION = YES;
				CLANG_WARN_DEPRECATED_OBJC_IMPLEMENTATIONS = YES;
				CLANG_WARN_DIRECT_OBJC_ISA_USAGE = YES_ERROR;
				CLANG_WARN_DOCUMENTATION_COMMENTS = YES;
				CLANG_WARN_EMPTY_BODY = YES;
				CLANG_WARN_ENUM_CONVERSION = YES;
				CLANG_WARN_INFINITE_RECURSION = YES;
				CLANG_WARN_INT_CONVERSION = YES;
				CLANG_WARN_NON_LITERAL_NULL_CONVERSION = YES;
				CLANG_WARN_OBJC_IMPLICIT_RETAIN_SELF = YES;
				CLANG_WARN_OBJC_LITERAL_CONVERSION = YES;
				CLANG_WARN_OBJC_ROOT_CLASS = YES_ERROR;
				CLANG_WARN_RANGE_LOOP_ANALYSIS = YES;
				CLANG_WARN_STRICT_PROTOTYPES = YES;
				CLANG_WARN_SUSPICIOUS_MOVE = YES;
				CLANG_WARN_UNGUARDED_AVAILABILITY = YES_AGGRESSIVE;
				CLANG_WARN_UNREACHABLE_CODE = YES;
				CLANG_WARN__DUPLICATE_METHOD_MATCH = YES;
				CODE_SIGN_IDENTITY = "iPhone Developer";
				COPY_PHASE_STRIP = NO;
				DEBUG_INFORMATION_FORMAT = dwarf;
				ENABLE_STRICT_OBJC_MSGSEND = YES;
				ENABLE_TESTABILITY = YES;
				GCC_C_LANGUAGE_STANDARD = gnu11;
				GCC_DYNAMIC_NO_PIC = NO;
				GCC_NO_COMMON_BLOCKS = YES;
				GCC_OPTIMIZATION_LEVEL = 0;
				GCC_PREPROCESSOR_DEFINITIONS = (
					"DEBUG=1",
					"$(inherited)",
				);
				GCC_WARN_64_TO_32_BIT_CONVERSION = YES;
				GCC_WARN_ABOUT_RETURN_TYPE = YES_ERROR;
				GCC_WARN_UNDECLARED_SELECTOR = YES;
				GCC_WARN_UNINITIALIZED_AUTOS = YES_AGGRESSIVE;
				GCC_WARN_UNUSED_FUNCTION = YES;
				GCC_WARN_UNUSED_VARIABLE = YES;
				IPHONEOS_DEPLOYMENT_TARGET = 12.1;
				MTL_ENABLE_DEBUG_INFO = INCLUDE_SOURCE;
				MTL_FAST_MATH = YES;
				ONLY_ACTIVE_ARCH = YES;
				SDKROOT = iphoneos;
				SWIFT_ACTIVE_COMPILATION_CONDITIONS = DEBUG;
				SWIFT_OPTIMIZATION_LEVEL = "-Onone";
			};
			name = Debug;
		};
		11317FA7225C6AAD00FEE0D3 /* Release */ = {
			isa = XCBuildConfiguration;
			buildSettings = {
				ALWAYS_SEARCH_USER_PATHS = NO;
				CLANG_ANALYZER_NONNULL = YES;
				CLANG_ANALYZER_NUMBER_OBJECT_CONVERSION = YES_AGGRESSIVE;
				CLANG_CXX_LANGUAGE_STANDARD = "gnu++14";
				CLANG_CXX_LIBRARY = "libc++";
				CLANG_ENABLE_MODULES = YES;
				CLANG_ENABLE_OBJC_ARC = YES;
				CLANG_ENABLE_OBJC_WEAK = YES;
				CLANG_WARN_BLOCK_CAPTURE_AUTORELEASING = YES;
				CLANG_WARN_BOOL_CONVERSION = YES;
				CLANG_WARN_COMMA = YES;
				CLANG_WARN_CONSTANT_CONVERSION = YES;
				CLANG_WARN_DEPRECATED_OBJC_IMPLEMENTATIONS = YES;
				CLANG_WARN_DIRECT_OBJC_ISA_USAGE = YES_ERROR;
				CLANG_WARN_DOCUMENTATION_COMMENTS = YES;
				CLANG_WARN_EMPTY_BODY = YES;
				CLANG_WARN_ENUM_CONVERSION = YES;
				CLANG_WARN_INFINITE_RECURSION = YES;
				CLANG_WARN_INT_CONVERSION = YES;
				CLANG_WARN_NON_LITERAL_NULL_CONVERSION = YES;
				CLANG_WARN_OBJC_IMPLICIT_RETAIN_SELF = YES;
				CLANG_WARN_OBJC_LITERAL_CONVERSION = YES;
				CLANG_WARN_OBJC_ROOT_CLASS = YES_ERROR;
				CLANG_WARN_RANGE_LOOP_ANALYSIS = YES;
				CLANG_WARN_STRICT_PROTOTYPES = YES;
				CLANG_WARN_SUSPICIOUS_MOVE = YES;
				CLANG_WARN_UNGUARDED_AVAILABILITY = YES_AGGRESSIVE;
				CLANG_WARN_UNREACHABLE_CODE = YES;
				CLANG_WARN__DUPLICATE_METHOD_MATCH = YES;
				CODE_SIGN_IDENTITY = "iPhone Developer";
				COPY_PHASE_STRIP = NO;
				DEBUG_INFORMATION_FORMAT = "dwarf-with-dsym";
				ENABLE_NS_ASSERTIONS = NO;
				ENABLE_STRICT_OBJC_MSGSEND = YES;
				GCC_C_LANGUAGE_STANDARD = gnu11;
				GCC_NO_COMMON_BLOCKS = YES;
				GCC_WARN_64_TO_32_BIT_CONVERSION = YES;
				GCC_WARN_ABOUT_RETURN_TYPE = YES_ERROR;
				GCC_WARN_UNDECLARED_SELECTOR = YES;
				GCC_WARN_UNINITIALIZED_AUTOS = YES_AGGRESSIVE;
				GCC_WARN_UNUSED_FUNCTION = YES;
				GCC_WARN_UNUSED_VARIABLE = YES;
				IPHONEOS_DEPLOYMENT_TARGET = 12.1;
				MTL_ENABLE_DEBUG_INFO = NO;
				MTL_FAST_MATH = YES;
				SDKROOT = iphoneos;
				SWIFT_COMPILATION_MODE = wholemodule;
				SWIFT_OPTIMIZATION_LEVEL = "-O";
				VALIDATE_PRODUCT = YES;
			};
			name = Release;
		};
		11317FA9225C6AAD00FEE0D3 /* Debug */ = {
			isa = XCBuildConfiguration;
			buildSettings = {
				ASSETCATALOG_COMPILER_APPICON_NAME = AppIcon;
				CODE_SIGN_STYLE = Automatic;
				INFOPLIST_FILE = "swift-ds_alg/Info.plist";
				LD_RUNPATH_SEARCH_PATHS = (
					"$(inherited)",
					"@executable_path/Frameworks",
				);
				PRODUCT_BUNDLE_IDENTIFIER = "oleksandr.swift-ds-alg";
				PRODUCT_NAME = "$(TARGET_NAME)";
				SWIFT_VERSION = 5.0;
				TARGETED_DEVICE_FAMILY = "1,2";
			};
			name = Debug;
		};
		11317FAA225C6AAD00FEE0D3 /* Release */ = {
			isa = XCBuildConfiguration;
			buildSettings = {
				ASSETCATALOG_COMPILER_APPICON_NAME = AppIcon;
				CODE_SIGN_STYLE = Automatic;
				INFOPLIST_FILE = "swift-ds_alg/Info.plist";
				LD_RUNPATH_SEARCH_PATHS = (
					"$(inherited)",
					"@executable_path/Frameworks",
				);
				PRODUCT_BUNDLE_IDENTIFIER = "oleksandr.swift-ds-alg";
				PRODUCT_NAME = "$(TARGET_NAME)";
				SWIFT_VERSION = 5.0;
				TARGETED_DEVICE_FAMILY = "1,2";
			};
			name = Release;
		};
/* End XCBuildConfiguration section */

/* Begin XCConfigurationList section */
		11317F91225C6AAB00FEE0D3 /* Build configuration list for PBXProject "swift-ds_alg" */ = {
			isa = XCConfigurationList;
			buildConfigurations = (
				11317FA6225C6AAD00FEE0D3 /* Debug */,
				11317FA7225C6AAD00FEE0D3 /* Release */,
			);
			defaultConfigurationIsVisible = 0;
			defaultConfigurationName = Release;
		};
		11317FA8225C6AAD00FEE0D3 /* Build configuration list for PBXNativeTarget "swift-ds_alg" */ = {
			isa = XCConfigurationList;
			buildConfigurations = (
				11317FA9225C6AAD00FEE0D3 /* Debug */,
				11317FAA225C6AAD00FEE0D3 /* Release */,
			);
			defaultConfigurationIsVisible = 0;
			defaultConfigurationName = Release;
		};
/* End XCConfigurationList section */
	};
	rootObject = 11317F8E225C6AAB00FEE0D3 /* Project object */;
}
